{
  "name": "metahtmlfinal",
  "version": "1.0.0",
  "lockfileVersion": 1,
  "requires": true,
  "dependencies": {
    "cssesc": {
      "version": "3.0.0",
      "resolved": "https://registry.npmjs.org/cssesc/-/cssesc-3.0.0.tgz",
      "integrity": "sha512-/Tb/JcjK111nNScGob5MNtsntNM1aCNUDipB/TkwZFhyDrrE47SOx/18wF2bbjgc3ZzCSKW1T5nt5EbFoAz/Vg==",
      "dev": true
    },
    "lodash": {
      "version": "4.17.21",
      "resolved": "https://registry.npmjs.org/lodash/-/lodash-4.17.21.tgz",
      "integrity": "sha512-v2kDEe57lecTulaDIuNTPy3Ry4gLGJ6Z1O3vE1krgXZNrsQ+LFTGHVxVjcXPs17LhbZVGedAJv8XZ1tvj5FvSg==",
      "dev": true
    },
    "postcss-media-query-parser": {
      "version": "0.2.3",
      "resolved": "https://registry.npmjs.org/postcss-media-query-parser/-/postcss-media-query-parser-0.2.3.tgz",
      "integrity": "sha512-3sOlxmbKcSHMjlUXQZKQ06jOswE7oVkXPxmZdoB1r5l0q6gTFTQSHxNxOrCccElbW7dxNytifNEo8qidX2Vsig==",
      "dev": true
    },
    "postcss-resolve-nested-selector": {
      "version": "0.1.1",
      "resolved": "https://registry.npmjs.org/postcss-resolve-nested-selector/-/postcss-resolve-nested-selector-0.1.1.tgz",
      "integrity": "sha512-HvExULSwLqHLgUy1rl3ANIqCsvMS0WHss2UOsXhXnQaZ9VCc2oBvIpXrl00IUFT5ZDITME0o6oiXeiHr2SAIfw==",
      "dev": true
    },
    "postcss-scss": {
      "version": "4.0.5",
      "resolved": "https://registry.npmjs.org/postcss-scss/-/postcss-scss-4.0.5.tgz",
      "integrity": "sha512-F7xpB6TrXyqUh3GKdyB4Gkp3QL3DDW1+uI+gxx/oJnUt/qXI4trj5OGlp9rOKdoABGULuqtqeG+3HEVQk4DjmA==",
      "dev": true
    },
    "postcss-selector-parser": {
      "version": "6.0.10",
      "resolved": "https://registry.npmjs.org/postcss-selector-parser/-/postcss-selector-parser-6.0.10.tgz",
      "integrity": "sha512-IQ7TZdoaqbT+LCpShg46jnZVlhWD2w6iQYAcYXfHARZ7X1t/UGhhceQDs5X0cGqKvYlHNOuv7Oa1xmb0oQuA3w==",
      "dev": true,
      "requires": {
        "cssesc": "^3.0.0",
        "util-deprecate": "^1.0.2"
      }
    },
    "postcss-value-parser": {
      "version": "4.2.0",
      "resolved": "https://registry.npmjs.org/postcss-value-parser/-/postcss-value-parser-4.2.0.tgz",
      "integrity": "sha512-1NNCs6uurfkVbeXG4S8JFT9t19m45ICnif8zWLd5oPSZ50QnwMfK+H3jv408d4jw/7Bttv5axS5IiHoLaVNHeQ==",
      "dev": true
    },
    "stylelint-config-recommended": {
      "version": "9.0.0",
      "resolved": "https://registry.npmjs.org/stylelint-config-recommended/-/stylelint-config-recommended-9.0.0.tgz",
      "integrity": "sha512-9YQSrJq4NvvRuTbzDsWX3rrFOzOlYBmZP+o513BJN/yfEmGSr0AxdvrWs0P/ilSpVV/wisamAHu5XSk8Rcf4CQ==",
      "dev": true
    },
    "stylelint-config-recommended-scss": {
      "version": "8.0.0",
      "resolved": "https://registry.npmjs.org/stylelint-config-recommended-scss/-/stylelint-config-recommended-scss-8.0.0.tgz",
      "integrity": "sha512-BxjxEzRaZoQb7Iinc3p92GS6zRdRAkIuEu2ZFLTxJK2e1AIcCb5B5MXY9KOXdGTnYFZ+KKx6R4Fv9zU6CtMYPQ==",
      "dev": true,
      "requires": {
        "postcss-scss": "^4.0.2",
        "stylelint-config-recommended": "^9.0.0",
        "stylelint-scss": "^4.0.0"
      }
    },
    "stylelint-config-standard": {
      "version": "29.0.0",
      "resolved": "https://registry.npmjs.org/stylelint-config-standard/-/stylelint-config-standard-29.0.0.tgz",
      "integrity": "sha512-uy8tZLbfq6ZrXy4JKu3W+7lYLgRQBxYTUUB88vPgQ+ZzAxdrvcaSUW9hOMNLYBnwH+9Kkj19M2DHdZ4gKwI7tg==",
      "dev": true,
      "requires": {
        "stylelint-config-recommended": "^9.0.0"
      }
    },
    "stylelint-config-standard-scss": {
      "version": "6.1.0",
      "resolved": "https://registry.npmjs.org/stylelint-config-standard-scss/-/stylelint-config-standard-scss-6.1.0.tgz",
      "integrity": "sha512-iZ2B5kQT2G3rUzx+437cEpdcnFOQkwnwqXuY8Z0QUwIHQVE8mnYChGAquyKFUKZRZ0pRnrciARlPaR1RBtPb0Q==",
      "dev": true,
      "requires": {
        "stylelint-config-recommended-scss": "^8.0.0",
        "stylelint-config-standard": "^29.0.0"
      }
    },
    "stylelint-scss": {
      "version": "4.3.0",
      "resolved": "https://registry.npmjs.org/stylelint-scss/-/stylelint-scss-4.3.0.tgz",
      "integrity": "sha512-GvSaKCA3tipzZHoz+nNO7S02ZqOsdBzMiCx9poSmLlb3tdJlGddEX/8QzCOD8O7GQan9bjsvLMsO5xiw6IhhIQ==",
      "dev": true,
      "requires": {
        "lodash": "^4.17.21",
        "postcss-media-query-parser": "^0.2.3",
        "postcss-resolve-nested-selector": "^0.1.1",
        "postcss-selector-parser": "^6.0.6",
        "postcss-value-parser": "^4.1.0"
      }
    },
    "util-deprecate": {
      "version": "1.0.2",
      "resolved": "https://registry.npmjs.org/util-deprecate/-/util-deprecate-1.0.2.tgz",
      "integrity": "sha512-EPD5q1uXyFxJpCrLnCc1nHnq3gOa6DZBocAIiI2TaSCA7VCJ1UJDMagCzIkXNsUYfD1daK//LTEQ8xiIbrHtcw==",
      "dev": true
    }
  }
}
